// !$*UTF8*$!
{
	archiveVersion = 1;
	classes = {
	};
	objectVersion = 60;
	objects = {

/* Begin PBXBuildFile section */
		189B11F42331E8F7FE36BC85 /* Entitlements.swift in Sources */ = {isa = PBXBuildFile; fileRef = 220F0A288A683BD3EBD3090D /* Entitlements.swift */; };
		20BA70ABDFC09E62B7D50C38 /* GameAssetLoader.swift in Sources */ = {isa = PBXBuildFile; fileRef = D251BB0A118E20067DFDC6F5 /* GameAssetLoader.swift */; };
		CCF76A87FC0E601943F859AB /* SaveGameStore.swift in Sources */ = {isa = PBXBuildFile; fileRef = E9A603F957294CF4643F0EB8 /* SaveGameStore.swift */; };
		0E473EFCF35421FECE8B04AC /* SoundManager.swift in Sources */ = {isa = PBXBuildFile; fileRef = C30FFC81284D6585053828A3 /* SoundManager.swift */; };
		7FF0C772C3CA10020E13A308 /* EscapeRoomApp.swift in Sources */ = {isa = PBXBuildFile; fileRef = 598EF038DC7E98165FDA93DB /* EscapeRoomApp.swift */; };
		6A8EF6A41074D5C54B9FDAA0 /* GameState.swift in Sources */ = {isa = PBXBuildFile; fileRef = 0D0F8F2D0C48F18649150302 /* GameState.swift */; };
		BC26BBA51B02A066E2C266FA /* Hotspot.swift in Sources */ = {isa = PBXBuildFile; fileRef = 44AAB690C94FD2C810AB330F /* Hotspot.swift */; };
		F1B72D669671A94328AB75FA /* ItemCatalog.swift in Sources */ = {isa = PBXBuildFile; fileRef = EFEC03AC02D9B650C90148DC /* ItemCatalog.swift */; };
		33C0A36C24DCBDE2AAB003F2 /* LevelSession.swift in Sources */ = {isa = PBXBuildFile; fileRef = ECECD3B6DD1585E721106D94 /* LevelSession.swift */; };
		F2BCE3A23AF5396B7C5B7E7B /* OverlayRectCatalog.swift in Sources */ = {isa = PBXBuildFile; fileRef = CC1CF9CBB2922286DA823964 /* OverlayRectCatalog.swift */; };
		4CB438A0DED62F18583F9895 /* PuzzleEngine.swift in Sources */ = {isa = PBXBuildFile; fileRef = 1B450504E2186D041036E758 /* PuzzleEngine.swift */; };
		57FAD61BADE91EE3279FF6BE /* PuzzleGraphModel.swift in Sources */ = {isa = PBXBuildFile; fileRef = 09B310BDEAEFDB114D15964E /* PuzzleGraphModel.swift */; };
		381F735E835669AE314B33EF /* RoomScene.swift in Sources */ = {isa = PBXBuildFile; fileRef = C7BAC6AD5811852BCCA3A0FE /* RoomScene.swift */; };
		DB5CCF8B47A3FED5AADC37CA /* RoomSceneCoordinator.swift in Sources */ = {isa = PBXBuildFile; fileRef = FDC47FEE6DF9761B18E47B30 /* RoomSceneCoordinator.swift */; };
		B18F555A73991C8D1388DDDE /* RoomViewState.swift in Sources */ = {isa = PBXBuildFile; fileRef = CB9598650547AFFAEDA12320 /* RoomViewState.swift */; };
		DD1D65E812585885DA988696 /* BrewControlView.swift in Sources */ = {isa = PBXBuildFile; fileRef = C5BEB31C8E2E135F23403C12 /* BrewControlView.swift */; };
		3FCB6E024E44442748BF87C9 /* ChromeTheme.swift in Sources */ = {isa = PBXBuildFile; fileRef = 641F9F1051307566D35726AB /* ChromeTheme.swift */; };
		62F0639B1E76F7FCB21B09AF /* GameImage.swift in Sources */ = {isa = PBXBuildFile; fileRef = 60DFE7C84C2932EE2549C430 /* GameImage.swift */; };
		D67FF013FA45CE4278216848 /* GameRoomView.swift in Sources */ = {isa = PBXBuildFile; fileRef = 183E7C41A272CB1D87E25744 /* GameRoomView.swift */; };
		C8173E72DE0F9853E55AD86C /* InventoryBarView.swift in Sources */ = {isa = PBXBuildFile; fileRef = 6C16B99B02BDED5DA7B90ADE /* InventoryBarView.swift */; };
		C79D449933960E2DAC2FA646 /* LevelLoadingView.swift in Sources */ = {isa = PBXBuildFile; fileRef = E52A0A72F3165AFC71BBE14B /* LevelLoadingView.swift */; };
		EF70C145A99971D6450A5CFE /* LevelSelectView.swift in Sources */ = {isa = PBXBuildFile; fileRef = 980568EC4B336C8BDCF4413A /* LevelSelectView.swift */; };
		C478D031DA78CE8964C97D0D /* MainMenuView.swift in Sources */ = {isa = PBXBuildFile; fileRef = C9D0C9B8FC5DD9A97F571886 /* MainMenuView.swift */; };
		3E9E6D79E5C0F44BD9AC99E9 /* MoonDialControlView.swift in Sources */ = {isa = PBXBuildFile; fileRef = E7D45780DA6F8010EE755461 /* MoonDialControlView.swift */; };
		836EFD2B0E83CB78CC346DF7 /* PauseMenuView.swift in Sources */ = {isa = PBXBuildFile; fileRef = 1F9D270ACBD145BD34366535 /* PauseMenuView.swift */; };
		5B71EE058892C8403E6B60BB /* RootAppView.swift in Sources */ = {isa = PBXBuildFile; fileRef = C2D8084D6DF6EF903022A869 /* RootAppView.swift */; };
		6AA808213C444636B11DC8C1 /* SettingsView.swift in Sources */ = {isa = PBXBuildFile; fileRef = 4215641A14AACA1E96BF336E /* SettingsView.swift */; };
		B866D936880CC13B4F75A8AB /* SpriteKitContainerView.swift in Sources */ = {isa = PBXBuildFile; fileRef = 4C517A0FFBB7B1C1B8B5F4D5 /* SpriteKitContainerView.swift */; };
		E4E7AC3FC3B4FC0DDB9D85F9 /* PuzzleEngineTests.swift in Sources */ = {isa = PBXBuildFile; fileRef = 30DA02CBB2F8E11CDA407A87 /* PuzzleEngineTests.swift */; };
		AB12CD34EF56AB78CD90EF12 /* QALevelFlowTests.swift in Sources */ = {isa = PBXBuildFile; fileRef = AB12CD34EF56AB78CD90EF11 /* QALevelFlowTests.swift */; };
		AB12CD34EF56AB78CD90EF22 /* RenderedFrameOverlayTests.swift in Sources */ = {isa = PBXBuildFile; fileRef = AB12CD34EF56AB78CD90EF21 /* RenderedFrameOverlayTests.swift */; };
		AA20000000000000000000B1 /* CloseUps.swift in Sources */ = {isa = PBXBuildFile; fileRef = AA20000000000000000000A1 /* CloseUps.swift */; };
		AA20000000000000000000B2 /* CloseUpView.swift in Sources */ = {isa = PBXBuildFile; fileRef = AA20000000000000000000A2 /* CloseUpView.swift */; };
		AA40000000000000000000B1 /* NavChevron.swift in Sources */ = {isa = PBXBuildFile; fileRef = AA40000000000000000000A1 /* NavChevron.swift */; };
		AA10000000000000000000B1 /* GameAssets in Resources */ = {isa = PBXBuildFile; fileRef = AA10000000000000000000A1 /* GameAssets */; };
		AA10000000000000000000B2 /* Audio in Resources */ = {isa = PBXBuildFile; fileRef = AA10000000000000000000A2 /* Audio */; };
		AA10000000000000000000B3 /* Assets.xcassets in Resources */ = {isa = PBXBuildFile; fileRef = AA10000000000000000000A3 /* Assets.xcassets */; };
		AA30000000000000000000D4 /* EscapeRoomUITests.swift in Sources */ = {isa = PBXBuildFile; fileRef = AA30000000000000000000D3 /* EscapeRoomUITests.swift */; };
		AA50000000000000000000B1 /* LevelRules.swift in Sources */ = {isa = PBXBuildFile; fileRef = AA50000000000000000000A1 /* LevelRules.swift */; };
		AA50000000000000000000B2 /* Level2Graph.swift in Sources */ = {isa = PBXBuildFile; fileRef = AA50000000000000000000A2 /* Level2Graph.swift */; };
		AA50000000000000000000B3 /* Level2Engine.swift in Sources */ = {isa = PBXBuildFile; fileRef = AA50000000000000000000A3 /* Level2Engine.swift */; };
		AA50000000000000000000B4 /* Level2Visuals.swift in Sources */ = {isa = PBXBuildFile; fileRef = AA50000000000000000000A4 /* Level2Visuals.swift */; };
		AA50000000000000000000B5 /* Level2Coordinator.swift in Sources */ = {isa = PBXBuildFile; fileRef = AA50000000000000000000A5 /* Level2Coordinator.swift */; };
		AA50000000000000000000B6 /* Level2RoomView.swift in Sources */ = {isa = PBXBuildFile; fileRef = AA50000000000000000000A6 /* Level2RoomView.swift */; };
		AA50000000000000000000B7 /* Level2Tests.swift in Sources */ = {isa = PBXBuildFile; fileRef = AA50000000000000000000A7 /* Level2Tests.swift */; };
		AA50000000000000000000B8 /* Level2AssetStagingTests.swift in Sources */ = {isa = PBXBuildFile; fileRef = AA50000000000000000000A8 /* Level2AssetStagingTests.swift */; };
		AA50000000000000000000B9 /* Level2RegistrationTests.swift in Sources */ = {isa = PBXBuildFile; fileRef = AA50000000000000000000A9 /* Level2RegistrationTests.swift */; };
		AA30000000000000000000E2 /* Level2UITests.swift in Sources */ = {isa = PBXBuildFile; fileRef = AA30000000000000000000E1 /* Level2UITests.swift */; };
		AA50000000000000000000BA /* Level2HotspotTable.swift in Sources */ = {isa = PBXBuildFile; fileRef = AA50000000000000000000AA /* Level2HotspotTable.swift */; };
		AA50000000000000000000BB /* Level2HotspotTable.swift in Sources */ = {isa = PBXBuildFile; fileRef = AA50000000000000000000AA /* Level2HotspotTable.swift */; };
/* End PBXBuildFile section */

/* Begin PBXFileReference section */
		E2B72F70E381850453DA7754 /* EscapeRoom.app */ = {isa = PBXFileReference; explicitFileType = wrapper.application; includeInIndex = 0; path = EscapeRoom.app; sourceTree = BUILT_PRODUCTS_DIR; };
		5CD5CD15D231843B896E8BFC /* EscapeRoomTests.xctest */ = {isa = PBXFileReference; explicitFileType = wrapper.cfbundle; includeInIndex = 0; path = EscapeRoomTests.xctest; sourceTree = BUILT_PRODUCTS_DIR; };
		97089C281AED5CEE81170720 /* Info.plist */ = {isa = PBXFileReference; lastKnownFileType = text.plist.xml; path = Info.plist; sourceTree = "<group>"; };
		220F0A288A683BD3EBD3090D /* Entitlements.swift */ = {isa = PBXFileReference; lastKnownFileType = sourcecode.swift; path = Entitlements.swift; sourceTree = "<group>"; };
		D251BB0A118E20067DFDC6F5 /* GameAssetLoader.swift */ = {isa = PBXFileReference; lastKnownFileType = sourcecode.swift; path = GameAssetLoader.swift; sourceTree = "<group>"; };
		E9A603F957294CF4643F0EB8 /* SaveGameStore.swift */ = {isa = PBXFileReference; lastKnownFileType = sourcecode.swift; path = SaveGameStore.swift; sourceTree = "<group>"; };
		C30FFC81284D6585053828A3 /* SoundManager.swift */ = {isa = PBXFileReference; lastKnownFileType = sourcecode.swift; path = SoundManager.swift; sourceTree = "<group>"; };
		598EF038DC7E98165FDA93DB /* EscapeRoomApp.swift */ = {isa = PBXFileReference; lastKnownFileType = sourcecode.swift; path = EscapeRoomApp.swift; sourceTree = "<group>"; };
		0D0F8F2D0C48F18649150302 /* GameState.swift */ = {isa = PBXFileReference; lastKnownFileType = sourcecode.swift; path = GameState.swift; sourceTree = "<group>"; };
		44AAB690C94FD2C810AB330F /* Hotspot.swift */ = {isa = PBXFileReference; lastKnownFileType = sourcecode.swift; path = Hotspot.swift; sourceTree = "<group>"; };
		EFEC03AC02D9B650C90148DC /* ItemCatalog.swift */ = {isa = PBXFileReference; lastKnownFileType = sourcecode.swift; path = ItemCatalog.swift; sourceTree = "<group>"; };
		ECECD3B6DD1585E721106D94 /* LevelSession.swift */ = {isa = PBXFileReference; lastKnownFileType = sourcecode.swift; path = LevelSession.swift; sourceTree = "<group>"; };
		CC1CF9CBB2922286DA823964 /* OverlayRectCatalog.swift */ = {isa = PBXFileReference; lastKnownFileType = sourcecode.swift; path = OverlayRectCatalog.swift; sourceTree = "<group>"; };
		1B450504E2186D041036E758 /* PuzzleEngine.swift */ = {isa = PBXFileReference; lastKnownFileType = sourcecode.swift; path = PuzzleEngine.swift; sourceTree = "<group>"; };
		09B310BDEAEFDB114D15964E /* PuzzleGraphModel.swift */ = {isa = PBXFileReference; lastKnownFileType = sourcecode.swift; path = PuzzleGraphModel.swift; sourceTree = "<group>"; };
		C7BAC6AD5811852BCCA3A0FE /* RoomScene.swift */ = {isa = PBXFileReference; lastKnownFileType = sourcecode.swift; path = RoomScene.swift; sourceTree = "<group>"; };
		FDC47FEE6DF9761B18E47B30 /* RoomSceneCoordinator.swift */ = {isa = PBXFileReference; lastKnownFileType = sourcecode.swift; path = RoomSceneCoordinator.swift; sourceTree = "<group>"; };
		CB9598650547AFFAEDA12320 /* RoomViewState.swift */ = {isa = PBXFileReference; lastKnownFileType = sourcecode.swift; path = RoomViewState.swift; sourceTree = "<group>"; };
		C5BEB31C8E2E135F23403C12 /* BrewControlView.swift */ = {isa = PBXFileReference; lastKnownFileType = sourcecode.swift; path = BrewControlView.swift; sourceTree = "<group>"; };
		641F9F1051307566D35726AB /* ChromeTheme.swift */ = {isa = PBXFileReference; lastKnownFileType = sourcecode.swift; path = ChromeTheme.swift; sourceTree = "<group>"; };
		60DFE7C84C2932EE2549C430 /* GameImage.swift */ = {isa = PBXFileReference; lastKnownFileType = sourcecode.swift; path = GameImage.swift; sourceTree = "<group>"; };
		183E7C41A272CB1D87E25744 /* GameRoomView.swift */ = {isa = PBXFileReference; lastKnownFileType = sourcecode.swift; path = GameRoomView.swift; sourceTree = "<group>"; };
		6C16B99B02BDED5DA7B90ADE /* InventoryBarView.swift */ = {isa = PBXFileReference; lastKnownFileType = sourcecode.swift; path = InventoryBarView.swift; sourceTree = "<group>"; };
		E52A0A72F3165AFC71BBE14B /* LevelLoadingView.swift */ = {isa = PBXFileReference; lastKnownFileType = sourcecode.swift; path = LevelLoadingView.swift; sourceTree = "<group>"; };
		980568EC4B336C8BDCF4413A /* LevelSelectView.swift */ = {isa = PBXFileReference; lastKnownFileType = sourcecode.swift; path = LevelSelectView.swift; sourceTree = "<group>"; };
		C9D0C9B8FC5DD9A97F571886 /* MainMenuView.swift */ = {isa = PBXFileReference; lastKnownFileType = sourcecode.swift; path = MainMenuView.swift; sourceTree = "<group>"; };
		E7D45780DA6F8010EE755461 /* MoonDialControlView.swift */ = {isa = PBXFileReference; lastKnownFileType = sourcecode.swift; path = MoonDialControlView.swift; sourceTree = "<group>"; };
		1F9D270ACBD145BD34366535 /* PauseMenuView.swift */ = {isa = PBXFileReference; lastKnownFileType = sourcecode.swift; path = PauseMenuView.swift; sourceTree = "<group>"; };
		C2D8084D6DF6EF903022A869 /* RootAppView.swift */ = {isa = PBXFileReference; lastKnownFileType = sourcecode.swift; path = RootAppView.swift; sourceTree = "<group>"; };
		4215641A14AACA1E96BF336E /* SettingsView.swift */ = {isa = PBXFileReference; lastKnownFileType = sourcecode.swift; path = SettingsView.swift; sourceTree = "<group>"; };
		4C517A0FFBB7B1C1B8B5F4D5 /* SpriteKitContainerView.swift */ = {isa = PBXFileReference; lastKnownFileType = sourcecode.swift; path = SpriteKitContainerView.swift; sourceTree = "<group>"; };
		30DA02CBB2F8E11CDA407A87 /* PuzzleEngineTests.swift */ = {isa = PBXFileReference; lastKnownFileType = sourcecode.swift; path = PuzzleEngineTests.swift; sourceTree = "<group>"; };
		AB12CD34EF56AB78CD90EF11 /* QALevelFlowTests.swift */ = {isa = PBXFileReference; lastKnownFileType = sourcecode.swift; path = QALevelFlowTests.swift; sourceTree = "<group>"; };
		AB12CD34EF56AB78CD90EF21 /* RenderedFrameOverlayTests.swift */ = {isa = PBXFileReference; lastKnownFileType = sourcecode.swift; path = RenderedFrameOverlayTests.swift; sourceTree = "<group>"; };
		AA20000000000000000000A1 /* CloseUps.swift */ = {isa = PBXFileReference; lastKnownFileType = sourcecode.swift; path = CloseUps.swift; sourceTree = "<group>"; };
		AA20000000000000000000A2 /* CloseUpView.swift */ = {isa = PBXFileReference; lastKnownFileType = sourcecode.swift; path = CloseUpView.swift; sourceTree = "<group>"; };
		AA40000000000000000000A1 /* NavChevron.swift */ = {isa = PBXFileReference; lastKnownFileType = sourcecode.swift; path = NavChevron.swift; sourceTree = "<group>"; };
		AA10000000000000000000A1 /* GameAssets */ = {isa = PBXFileReference; lastKnownFileType = folder; path = GameAssets; sourceTree = "<group>"; };
		AA10000000000000000000A2 /* Audio */ = {isa = PBXFileReference; lastKnownFileType = folder; path = Audio; sourceTree = "<group>"; };
		AA10000000000000000000A3 /* Assets.xcassets */ = {isa = PBXFileReference; lastKnownFileType = folder.assetcatalog; path = Assets.xcassets; sourceTree = "<group>"; };
		AA30000000000000000000D2 /* EscapeRoomUITests.xctest */ = {isa = PBXFileReference; explicitFileType = wrapper.cfbundle; includeInIndex = 0; path = EscapeRoomUITests.xctest; sourceTree = BUILT_PRODUCTS_DIR; };
		AA30000000000000000000D3 /* EscapeRoomUITests.swift */ = {isa = PBXFileReference; lastKnownFileType = sourcecode.swift; path = EscapeRoomUITests.swift; sourceTree = "<group>"; };
		AA50000000000000000000A1 /* LevelRules.swift */ = {isa = PBXFileReference; lastKnownFileType = sourcecode.swift; path = LevelRules.swift; sourceTree = "<group>"; };
		AA50000000000000000000A2 /* Level2Graph.swift */ = {isa = PBXFileReference; lastKnownFileType = sourcecode.swift; path = Level2Graph.swift; sourceTree = "<group>"; };
		AA50000000000000000000A3 /* Level2Engine.swift */ = {isa = PBXFileReference; lastKnownFileType = sourcecode.swift; path = Level2Engine.swift; sourceTree = "<group>"; };
		AA50000000000000000000A4 /* Level2Visuals.swift */ = {isa = PBXFileReference; lastKnownFileType = sourcecode.swift; path = Level2Visuals.swift; sourceTree = "<group>"; };
		AA50000000000000000000A5 /* Level2Coordinator.swift */ = {isa = PBXFileReference; lastKnownFileType = sourcecode.swift; path = Level2Coordinator.swift; sourceTree = "<group>"; };
		AA50000000000000000000A6 /* Level2RoomView.swift */ = {isa = PBXFileReference; lastKnownFileType = sourcecode.swift; path = Level2RoomView.swift; sourceTree = "<group>"; };
		AA50000000000000000000A7 /* Level2Tests.swift */ = {isa = PBXFileReference; lastKnownFileType = sourcecode.swift; path = Level2Tests.swift; sourceTree = "<group>"; };
		AA50000000000000000000A8 /* Level2AssetStagingTests.swift */ = {isa = PBXFileReference; lastKnownFileType = sourcecode.swift; path = Level2AssetStagingTests.swift; sourceTree = "<group>"; };
		AA50000000000000000000A9 /* Level2RegistrationTests.swift */ = {isa = PBXFileReference; lastKnownFileType = sourcecode.swift; path = Level2RegistrationTests.swift; sourceTree = "<group>"; };
		AA30000000000000000000E1 /* Level2UITests.swift */ = {isa = PBXFileReference; lastKnownFileType = sourcecode.swift; path = Level2UITests.swift; sourceTree = "<group>"; };
		AA50000000000000000000AA /* Level2HotspotTable.swift */ = {isa = PBXFileReference; lastKnownFileType = sourcecode.swift; path = Level2HotspotTable.swift; sourceTree = "<group>"; };
/* End PBXFileReference section */

/* Begin PBXFrameworksBuildPhase section */
		6351140A0B480F1E52809627 /* Frameworks */ = {
			isa = PBXFrameworksBuildPhase;
			buildActionMask = 2147483647;
			files = (
			);
			runOnlyForDeploymentPostprocessing = 0;
		};
		04CE4D3230AB01ACFEB6B733 /* Frameworks */ = {
			isa = PBXFrameworksBuildPhase;
			buildActionMask = 2147483647;
			files = (
			);
			runOnlyForDeploymentPostprocessing = 0;
		};
		AA30000000000000000000D7 /* Frameworks */ = {
			isa = PBXFrameworksBuildPhase;
			buildActionMask = 2147483647;
			files = (
			);
			runOnlyForDeploymentPostprocessing = 0;
		};
/* End PBXFrameworksBuildPhase section */

/* Begin PBXGroup section */
		AEE8BD499219028A48F93376 = {
			isa = PBXGroup;
			children = (
				901B8E2415166F3C88793695 /* EscapeRoom */,
				AA10000000000000000000C1 /* Resources */,
				491B078963F3FF3ABF4CEE48 /* EscapeRoomTests */,
				AA30000000000000000000D5 /* EscapeRoomUITests */,
				BD33FD055F9C6B76F0347B72 /* Products */,
			);
			sourceTree = "<group>";
		};
		AA10000000000000000000C1 /* Resources */ = {
			isa = PBXGroup;
			children = (
				AA10000000000000000000A3 /* Assets.xcassets */,
				AA10000000000000000000A2 /* Audio */,
				AA10000000000000000000A1 /* GameAssets */,
			);
			path = Resources;
			sourceTree = "<group>";
		};
		AA30000000000000000000D5 /* EscapeRoomUITests */ = {
			isa = PBXGroup;
			children = (
				AA30000000000000000000D3 /* EscapeRoomUITests.swift */,
				AA30000000000000000000E1 /* Level2UITests.swift */,
			);
			path = EscapeRoomUITests;
			sourceTree = "<group>";
		};
		901B8E2415166F3C88793695 /* EscapeRoom */ = {
			isa = PBXGroup;
			children = (
				598EF038DC7E98165FDA93DB /* EscapeRoomApp.swift */,
				97089C281AED5CEE81170720 /* Info.plist */,
				00358468E24AC846CF2B3D4C /* Core */,
				A1C083ACDE4A4893FB1A4B46 /* Game */,
				CE5B4264944694770DD48105 /* UI */,
			);
			path = EscapeRoom;
			sourceTree = "<group>";
		};
		00358468E24AC846CF2B3D4C /* Core */ = {
			isa = PBXGroup;
			children = (
				220F0A288A683BD3EBD3090D /* Entitlements.swift */,
				D251BB0A118E20067DFDC6F5 /* GameAssetLoader.swift */,
				E9A603F957294CF4643F0EB8 /* SaveGameStore.swift */,
				C30FFC81284D6585053828A3 /* SoundManager.swift */,
				AA50000000000000000000A1 /* LevelRules.swift */,
			);
			path = Core;
			sourceTree = "<group>";
		};
		A1C083ACDE4A4893FB1A4B46 /* Game */ = {
			isa = PBXGroup;
			children = (
				0D0F8F2D0C48F18649150302 /* GameState.swift */,
				44AAB690C94FD2C810AB330F /* Hotspot.swift */,
				EFEC03AC02D9B650C90148DC /* ItemCatalog.swift */,
				ECECD3B6DD1585E721106D94 /* LevelSession.swift */,
				CC1CF9CBB2922286DA823964 /* OverlayRectCatalog.swift */,
				1B450504E2186D041036E758 /* PuzzleEngine.swift */,
				AA20000000000000000000A1 /* CloseUps.swift */,
				09B310BDEAEFDB114D15964E /* PuzzleGraphModel.swift */,
				C7BAC6AD5811852BCCA3A0FE /* RoomScene.swift */,
				FDC47FEE6DF9761B18E47B30 /* RoomSceneCoordinator.swift */,
				CB9598650547AFFAEDA12320 /* RoomViewState.swift */,
				AA50000000000000000000A2 /* Level2Graph.swift */,
				AA50000000000000000000A3 /* Level2Engine.swift */,
				AA50000000000000000000A4 /* Level2Visuals.swift */,
				AA50000000000000000000A5 /* Level2Coordinator.swift */,
				AA50000000000000000000AA /* Level2HotspotTable.swift */,
			);
			path = Game;
			sourceTree = "<group>";
		};
		CE5B4264944694770DD48105 /* UI */ = {
			isa = PBXGroup;
			children = (
				C5BEB31C8E2E135F23403C12 /* BrewControlView.swift */,
				641F9F1051307566D35726AB /* ChromeTheme.swift */,
				AA20000000000000000000A2 /* CloseUpView.swift */,
				60DFE7C84C2932EE2549C430 /* GameImage.swift */,
				183E7C41A272CB1D87E25744 /* GameRoomView.swift */,
				6C16B99B02BDED5DA7B90ADE /* InventoryBarView.swift */,
				E52A0A72F3165AFC71BBE14B /* LevelLoadingView.swift */,
				980568EC4B336C8BDCF4413A /* LevelSelectView.swift */,
				C9D0C9B8FC5DD9A97F571886 /* MainMenuView.swift */,
				E7D45780DA6F8010EE755461 /* MoonDialControlView.swift */,
				AA40000000000000000000A1 /* NavChevron.swift */,
				1F9D270ACBD145BD34366535 /* PauseMenuView.swift */,
				C2D8084D6DF6EF903022A869 /* RootAppView.swift */,
				4215641A14AACA1E96BF336E /* SettingsView.swift */,
				4C517A0FFBB7B1C1B8B5F4D5 /* SpriteKitContainerView.swift */,
				AA50000000000000000000A6 /* Level2RoomView.swift */,
			);
			path = UI;
			sourceTree = "<group>";
		};
		491B078963F3FF3ABF4CEE48 /* EscapeRoomTests */ = {
			isa = PBXGroup;
			children = (
				30DA02CBB2F8E11CDA407A87 /* PuzzleEngineTests.swift */,
				AB12CD34EF56AB78CD90EF11 /* QALevelFlowTests.swift */,
				AB12CD34EF56AB78CD90EF21 /* RenderedFrameOverlayTests.swift */,
				AA50000000000000000000A7 /* Level2Tests.swift */,
				AA50000000000000000000A8 /* Level2AssetStagingTests.swift */,
				AA50000000000000000000A9 /* Level2RegistrationTests.swift */,
			);
			path = EscapeRoomTests;
			sourceTree = "<group>";
		};
		BD33FD055F9C6B76F0347B72 /* Products */ = {
			isa = PBXGroup;
			children = (
				E2B72F70E381850453DA7754 /* EscapeRoom.app */,
				5CD5CD15D231843B896E8BFC /* EscapeRoomTests.xctest */,
				AA30000000000000000000D2 /* EscapeRoomUITests.xctest */,
			);
			name = Products;
			sourceTree = "<group>";
		};
/* End PBXGroup section */

/* Begin PBXNativeTarget section */
		38856AF1670C4C2658B238FA /* EscapeRoom */ = {
			isa = PBXNativeTarget;
			buildConfigurationList = 1058BC7E0C7E824287834DC3 /* Build configuration list for PBXNativeTarget "EscapeRoom" */;
			buildPhases = (
				90B0697B8815B5ADA6539DB8 /* Sources */,
				6351140A0B480F1E52809627 /* Frameworks */,
				D5A0D81A7D173C0CA023E1CC /* Resources */,
			);
			buildRules = (
			);
			dependencies = (
			);
			name = EscapeRoom;
			productName = EscapeRoom;
			productReference = E2B72F70E381850453DA7754 /* EscapeRoom.app */;
			productType = "com.apple.product-type.application";
		};
		569E14637B0719B12090B53B /* EscapeRoomTests */ = {
			isa = PBXNativeTarget;
			buildConfigurationList = 6CE83AEA715C768670ED436A /* Build configuration list for PBXNativeTarget "EscapeRoomTests" */;
			buildPhases = (
				9112E9D14766719FE0B77BEA /* Sources */,
				04CE4D3230AB01ACFEB6B733 /* Frameworks */,
			);
			buildRules = (
			);
			dependencies = (
				CB775EF76EE4B09FABC39D34 /* PBXTargetDependency */,
			);
			name = EscapeRoomTests;
			productName = EscapeRoomTests;
			productReference = 5CD5CD15D231843B896E8BFC /* EscapeRoomTests.xctest */;
			productType = "com.apple.product-type.bundle.unit-test";
		};
		AA30000000000000000000D1 /* EscapeRoomUITests */ = {
			isa = PBXNativeTarget;
			buildConfigurationList = AA30000000000000000000DA /* Build configuration list for PBXNativeTarget "EscapeRoomUITests" */;
			buildPhases = (
				AA30000000000000000000D6 /* Sources */,
				AA30000000000000000000D7 /* Frameworks */,
			);
			buildRules = (
			);
			dependencies = (
				AA30000000000000000000D8 /* PBXTargetDependency */,
			);
			name = EscapeRoomUITests;
			productName = EscapeRoomUITests;
			productReference = AA30000000000000000000D2 /* EscapeRoomUITests.xctest */;
			productType = "com.apple.product-type.bundle.ui-testing";
		};
/* End PBXNativeTarget section */

/* Begin PBXProject section */
		23710D78932D26350BC785AC /* Project object */ = {
			isa = PBXProject;
			attributes = {
				BuildIndependentTargetsInParallel = 1;
				LastSwiftUpdateCheck = 1620;
				LastUpgradeCheck = 1620;
				TargetAttributes = {
					38856AF1670C4C2658B238FA = {
						CreatedOnToolsVersion = 16.2;
					};
					569E14637B0719B12090B53B = {
						CreatedOnToolsVersion = 16.2;
						TestTargetID = 38856AF1670C4C2658B238FA;
					};
					AA30000000000000000000D1 = {
						CreatedOnToolsVersion = 16.2;
						TestTargetID = 38856AF1670C4C2658B238FA;
					};
				};
			};
			buildConfigurationList = 79C12CAF53C7AC70E3756E7D /* Build configuration list for PBXProject "EscapeRoom" */;
			compatibilityVersion = "Xcode 14.0";
			developmentRegion = en;
			hasScannedForEncodings = 0;
			knownRegions = (
				en,
				Base,
			);
			mainGroup = AEE8BD499219028A48F93376;
			productRefGroup = BD33FD055F9C6B76F0347B72 /* Products */;
			projectDirPath = "";
			projectRoot = "";
			targets = (
				38856AF1670C4C2658B238FA /* EscapeRoom */,
				569E14637B0719B12090B53B /* EscapeRoomTests */,
				AA30000000000000000000D1 /* EscapeRoomUITests */,
			);
		};
/* End PBXProject section */

/* Begin PBXResourcesBuildPhase section */
		D5A0D81A7D173C0CA023E1CC /* Resources */ = {
			isa = PBXResourcesBuildPhase;
			buildActionMask = 2147483647;
			files = (
				AA10000000000000000000B3 /* Assets.xcassets in Resources */,
				AA10000000000000000000B2 /* Audio in Resources */,
				AA10000000000000000000B1 /* GameAssets in Resources */,
			);
			runOnlyForDeploymentPostprocessing = 0;
		};
/* End PBXResourcesBuildPhase section */

/* Begin PBXSourcesBuildPhase section */
		90B0697B8815B5ADA6539DB8 /* Sources */ = {
			isa = PBXSourcesBuildPhase;
			buildActionMask = 2147483647;
			files = (
				189B11F42331E8F7FE36BC85 /* Entitlements.swift in Sources */,
				20BA70ABDFC09E62B7D50C38 /* GameAssetLoader.swift in Sources */,
				CCF76A87FC0E601943F859AB /* SaveGameStore.swift in Sources */,
				0E473EFCF35421FECE8B04AC /* SoundManager.swift in Sources */,
				7FF0C772C3CA10020E13A308 /* EscapeRoomApp.swift in Sources */,
				6A8EF6A41074D5C54B9FDAA0 /* GameState.swift in Sources */,
				BC26BBA51B02A066E2C266FA /* Hotspot.swift in Sources */,
				F1B72D669671A94328AB75FA /* ItemCatalog.swift in Sources */,
				33C0A36C24DCBDE2AAB003F2 /* LevelSession.swift in Sources */,
				F2BCE3A23AF5396B7C5B7E7B /* OverlayRectCatalog.swift in Sources */,
				AA20000000000000000000B1 /* CloseUps.swift in Sources */,
				AA20000000000000000000B2 /* CloseUpView.swift in Sources */,
				4CB438A0DED62F18583F9895 /* PuzzleEngine.swift in Sources */,
				57FAD61BADE91EE3279FF6BE /* PuzzleGraphModel.swift in Sources */,
				381F735E835669AE314B33EF /* RoomScene.swift in Sources */,
				DB5CCF8B47A3FED5AADC37CA /* RoomSceneCoordinator.swift in Sources */,
				B18F555A73991C8D1388DDDE /* RoomViewState.swift in Sources */,
				DD1D65E812585885DA988696 /* BrewControlView.swift in Sources */,
				3FCB6E024E44442748BF87C9 /* ChromeTheme.swift in Sources */,
				62F0639B1E76F7FCB21B09AF /* GameImage.swift in Sources */,
				D67FF013FA45CE4278216848 /* GameRoomView.swift in Sources */,
				C8173E72DE0F9853E55AD86C /* InventoryBarView.swift in Sources */,
				C79D449933960E2DAC2FA646 /* LevelLoadingView.swift in Sources */,
				EF70C145A99971D6450A5CFE /* LevelSelectView.swift in Sources */,
				C478D031DA78CE8964C97D0D /* MainMenuView.swift in Sources */,
				3E9E6D79E5C0F44BD9AC99E9 /* MoonDialControlView.swift in Sources */,
				AA40000000000000000000B1 /* NavChevron.swift in Sources */,
				836EFD2B0E83CB78CC346DF7 /* PauseMenuView.swift in Sources */,
				5B71EE058892C8403E6B60BB /* RootAppView.swift in Sources */,
				6AA808213C444636B11DC8C1 /* SettingsView.swift in Sources */,
				B866D936880CC13B4F75A8AB /* SpriteKitContainerView.swift in Sources */,
				AA50000000000000000000B1 /* LevelRules.swift in Sources */,
				AA50000000000000000000B2 /* Level2Graph.swift in Sources */,
				AA50000000000000000000B3 /* Level2Engine.swift in Sources */,
				AA50000000000000000000B4 /* Level2Visuals.swift in Sources */,
				AA50000000000000000000B5 /* Level2Coordinator.swift in Sources */,
				AA50000000000000000000B6 /* Level2RoomView.swift in Sources */,
				AA50000000000000000000BA /* Level2HotspotTable.swift in Sources */,
			);
			runOnlyForDeploymentPostprocessing = 0;
		};
		9112E9D14766719FE0B77BEA /* Sources */ = {
			isa = PBXSourcesBuildPhase;
			buildActionMask = 2147483647;
			files = (
				E4E7AC3FC3B4FC0DDB9D85F9 /* PuzzleEngineTests.swift in Sources */,
				AB12CD34EF56AB78CD90EF12 /* QALevelFlowTests.swift in Sources */,
				AB12CD34EF56AB78CD90EF22 /* RenderedFrameOverlayTests.swift in Sources */,
				AA50000000000000000000B7 /* Level2Tests.swift in Sources */,
				AA50000000000000000000B8 /* Level2AssetStagingTests.swift in Sources */,
				AA50000000000000000000B9 /* Level2RegistrationTests.swift in Sources */,
			);
			runOnlyForDeploymentPostprocessing = 0;
		};
		AA30000000000000000000D6 /* Sources */ = {
			isa = PBXSourcesBuildPhase;
			buildActionMask = 2147483647;
			files = (
				AA30000000000000000000D4 /* EscapeRoomUITests.swift in Sources */,
				AA30000000000000000000E2 /* Level2UITests.swift in Sources */,
				AA50000000000000000000BB /* Level2HotspotTable.swift in Sources */,
			);
			runOnlyForDeploymentPostprocessing = 0;
		};
/* End PBXSourcesBuildPhase section */

/* Begin PBXTargetDependency section */
		CB775EF76EE4B09FABC39D34 /* PBXTargetDependency */ = {
			isa = PBXTargetDependency;
			target = 38856AF1670C4C2658B238FA /* EscapeRoom */;
			targetProxy = 8721B942D7B9B27BE56F258C /* PBXContainerItemProxy */;
		};
		AA30000000000000000000D8 /* PBXTargetDependency */ = {
			isa = PBXTargetDependency;
			target = 38856AF1670C4C2658B238FA /* EscapeRoom */;
			targetProxy = AA30000000000000000000D9 /* PBXContainerItemProxy */;
		};
/* End PBXTargetDependency section */

/* Begin PBXContainerItemProxy section */
		8721B942D7B9B27BE56F258C /* PBXContainerItemProxy */ = {
			isa = PBXContainerItemProxy;
			containerPortal = 23710D78932D26350BC785AC /* Project object */;
			proxyType = 1;
			remoteGlobalIDString = 38856AF1670C4C2658B238FA;
			remoteInfo = EscapeRoom;
		};
		AA30000000000000000000D9 /* PBXContainerItemProxy */ = {
			isa = PBXContainerItemProxy;
			containerPortal = 23710D78932D26350BC785AC /* Project object */;
			proxyType = 1;
			remoteGlobalIDString = 38856AF1670C4C2658B238FA;
			remoteInfo = EscapeRoom;
		};
/* End PBXContainerItemProxy section */

/* Begin XCBuildConfiguration section */
		A1A6E3DAC22B532BE7E3E8D3 /* Debug */ = {
			isa = XCBuildConfiguration;
			buildSettings = {
				ALWAYS_SEARCH_USER_PATHS = NO;
				CLANG_ANALYZER_NONNULL = YES;
				CLANG_ANALYZER_NUMBER_OBJECT_CONVERSION = YES_AGGRESSIVE;
				CLANG_CXX_LANGUAGE_STANDARD = "gnu++20";
				CLANG_ENABLE_MODULES = YES;
				CLANG_ENABLE_OBJC_ARC = YES;
				CLANG_ENABLE_OBJC_WEAK = YES;
				CLANG_WARN_BLOCK_CAPTURE_AUTORELEASING_LEAK = YES;
				CLANG_WARN_BOOL_CONVERSION = YES;
				CLANG_WARN_COMMA = YES;
				CLANG_WARN_CONSTANT_CONVERSION = YES;
				CLANG_WARN_DEPRECATED_OBJC_IMPLEMENTATIONS = YES;
				CLANG_WARN_DIRECT_OBJC_ISA_USAGE = YES_ERROR;
				CLANG_WARN_DOCUMENTATION_COMMENTS = YES;
				CLANG_WARN_EMPTY_BODY = YES;
				CLANG_WARN_ENUM_CONVERSION = YES;
				CLANG_WARN_INFINITE_RECURSION = YES;
				CLANG_WARN_INT_CONVERSION = YES;
				CLANG_WARN_NON_LITERAL_NULL_CONVERSION = YES;
				CLANG_WARN_OBJC_IMPLICIT_RETAIN_SELF = YES;
				CLANG_WARN_OBJC_LITERAL_CONVERSION = YES;
				CLANG_WARN_OBJC_ROOT_CLASS = YES_ERROR;
				CLANG_WARN_QUOTED_INCLUDE_IN_FRAMEWORK_HEADER = YES;
				CLANG_WARN_RANGE_LOOP_ANALYSIS = YES;
				CLANG_WARN_STRICT_PROTOTYPES = YES;
				CLANG_WARN_SUSPICIOUS_MOVE = YES;
				CLANG_WARN_UNGUARDED_AVAILABILITY = YES_AGGRESSIVE;
				CLANG_WARN_UNREACHABLE_CODE = YES;
				CLANG_WARN__DUPLICATE_METHOD_MATCH = YES;
				COPY_PHASE_STRIP = NO;
				DEBUG_INFORMATION_FORMAT = dwarf;
				ENABLE_STRICT_OBJC_MSGSEND = YES;
				ENABLE_TESTABILITY = YES;
				GCC_C_LANGUAGE_STANDARD = gnu17;
				GCC_DYNAMIC_NO_PIC = NO;
				GCC_NO_COMMON_BLOCKS = YES;
				GCC_OPTIMIZATION_LEVEL = 0;
				GCC_PREPROCESSOR_DEFINITIONS = (
					"DEBUG=1",
					"$(inherited)",
				);
				GCC_WARN_64_TO_32_BIT_CONVERSION = YES;
				GCC_WARN_ABOUT_RETURN_TYPE = YES_ERROR;
				GCC_WARN_UNDECLARED_SELECTOR = YES;
				GCC_WARN_UNINITIALIZED_AUTOS = YES_AGGRESSIVE;
				GCC_WARN_UNUSED_FUNCTION = YES;
				GCC_WARN_UNUSED_VARIABLE = YES;
				IPHONEOS_DEPLOYMENT_TARGET = 17.0;
				MTL_ENABLE_DEBUG_INFO = INCLUDE_SOURCE;
				MTL_FAST_MATH = YES;
				ONLY_ACTIVE_ARCH = YES;
				SDKROOT = iphoneos;
				SWIFT_ACTIVE_COMPILATION_CONDITIONS = "DEBUG $(inherited)";
				SWIFT_OPTIMIZATION_LEVEL = "-Onone";
				SWIFT_VERSION = 5.0;
			};
			name = Debug;
		};
		F903A473B305BAF125B457E5 /* Release */ = {
			isa = XCBuildConfiguration;
			buildSettings = {
				ALWAYS_SEARCH_USER_PATHS = NO;
				CLANG_ANALYZER_NONNULL = YES;
				CLANG_ANALYZER_NUMBER_OBJECT_CONVERSION = YES_AGGRESSIVE;
				CLANG_CXX_LANGUAGE_STANDARD = "gnu++20";
				CLANG_ENABLE_MODULES = YES;
				CLANG_ENABLE_OBJC_ARC = YES;
				CLANG_ENABLE_OBJC_WEAK = YES;
				CLANG_WARN_BLOCK_CAPTURE_AUTORELEASING_LEAK = YES;
				CLANG_WARN_BOOL_CONVERSION = YES;
				CLANG_WARN_COMMA = YES;
				CLANG_WARN_CONSTANT_CONVERSION = YES;
				CLANG_WARN_DEPRECATED_OBJC_IMPLEMENTATIONS = YES;
				CLANG_WARN_DIRECT_OBJC_ISA_USAGE = YES_ERROR;
				CLANG_WARN_DOCUMENTATION_COMMENTS = YES;
				CLANG_WARN_EMPTY_BODY = YES;
				CLANG_WARN_ENUM_CONVERSION = YES;
				CLANG_WARN_INFINITE_RECURSION = YES;
				CLANG_WARN_INT_CONVERSION = YES;
				CLANG_WARN_NON_LITERAL_NULL_CONVERSION = YES;
				CLANG_WARN_OBJC_IMPLICIT_RETAIN_SELF = YES;
				CLANG_WARN_OBJC_LITERAL_CONVERSION = YES;
				CLANG_WARN_OBJC_ROOT_CLASS = YES_ERROR;
				CLANG_WARN_QUOTED_INCLUDE_IN_FRAMEWORK_HEADER = YES;
				CLANG_WARN_RANGE_LOOP_ANALYSIS = YES;
				CLANG_WARN_STRICT_PROTOTYPES = YES;
				CLANG_WARN_SUSPICIOUS_MOVE = YES;
				CLANG_WARN_UNGUARDED_AVAILABILITY = YES_AGGRESSIVE;
				CLANG_WARN_UNREACHABLE_CODE = YES;
				CLANG_WARN__DUPLICATE_METHOD_MATCH = YES;
				COPY_PHASE_STRIP = NO;
				DEBUG_INFORMATION_FORMAT = "dwarf-with-dsym";
				ENABLE_NS_ASSERTIONS = NO;
				ENABLE_STRICT_OBJC_MSGSEND = YES;
				GCC_C_LANGUAGE_STANDARD = gnu17;
				GCC_NO_COMMON_BLOCKS = YES;
				GCC_WARN_64_TO_32_BIT_CONVERSION = YES;
				GCC_WARN_ABOUT_RETURN_TYPE = YES_ERROR;
				GCC_WARN_UNDECLARED_SELECTOR = YES;
				GCC_WARN_UNINITIALIZED_AUTOS = YES_AGGRESSIVE;
				GCC_WARN_UNUSED_FUNCTION = YES;
				GCC_WARN_UNUSED_VARIABLE = YES;
				IPHONEOS_DEPLOYMENT_TARGET = 17.0;
				MTL_ENABLE_DEBUG_INFO = NO;
				MTL_FAST_MATH = YES;
				SDKROOT = iphoneos;
				SWIFT_COMPILATION_MODE = wholemodule;
				SWIFT_VERSION = 5.0;
				VALIDATE_PRODUCT = YES;
			};
			name = Release;
		};
		89CE6F3ACD87D8EFAB5B1DB9 /* Debug */ = {
			isa = XCBuildConfiguration;
			buildSettings = {
				ASSETCATALOG_COMPILER_APPICON_NAME = AppIcon;
				ASSETCATALOG_COMPILER_GLOBAL_ACCENT_COLOR_NAME = AccentColor;
				CODE_SIGN_STYLE = Automatic;
				CURRENT_PROJECT_VERSION = 1;
				GENERATE_INFOPLIST_FILE = NO;
				INFOPLIST_FILE = EscapeRoom/Info.plist;
				IPHONEOS_DEPLOYMENT_TARGET = 17.0;
				LD_RUNPATH_SEARCH_PATHS = (
					"$(inherited)",
					"@executable_path/Frameworks",
				);
				MARKETING_VERSION = 1.0;
				PRODUCT_BUNDLE_IDENTIFIER = "com.shayma.within";
				PRODUCT_NAME = "$(TARGET_NAME)";
				SUPPORTED_PLATFORMS = "iphoneos iphonesimulator";
				SUPPORTS_MACCATALYST = NO;
				SUPPORTS_MAC_DESIGNED_FOR_IPHONE_IPAD = NO;
				SWIFT_EMIT_LOC_STRINGS = YES;
				SWIFT_VERSION = 5.0;
				TARGETED_DEVICE_FAMILY = "1,2";
			};
			name = Debug;
		};
		4C05148D1CA0158CAAD43DEF /* Release */ = {
			isa = XCBuildConfiguration;
			buildSettings = {
				ASSETCATALOG_COMPILER_APPICON_NAME = AppIcon;
				ASSETCATALOG_COMPILER_GLOBAL_ACCENT_COLOR_NAME = AccentColor;
				CODE_SIGN_STYLE = Automatic;
				CURRENT_PROJECT_VERSION = 1;
				GENERATE_INFOPLIST_FILE = NO;
				INFOPLIST_FILE = EscapeRoom/Info.plist;
				IPHONEOS_DEPLOYMENT_TARGET = 17.0;
				LD_RUNPATH_SEARCH_PATHS = (
					"$(inherited)",
					"@executable_path/Frameworks",
				);
				MARKETING_VERSION = 1.0;
				PRODUCT_BUNDLE_IDENTIFIER = "com.shayma.within";
				PRODUCT_NAME = "$(TARGET_NAME)";
				SUPPORTED_PLATFORMS = "iphoneos iphonesimulator";
				SUPPORTS_MACCATALYST = NO;
				SUPPORTS_MAC_DESIGNED_FOR_IPHONE_IPAD = NO;
				SWIFT_EMIT_LOC_STRINGS = YES;
				SWIFT_VERSION = 5.0;
				TARGETED_DEVICE_FAMILY = "1,2";
			};
			name = Release;
		};
		0950F148A0A59D4749DB2BC6 /* Debug */ = {
			isa = XCBuildConfiguration;
			buildSettings = {
				BUNDLE_LOADER = "$(TEST_HOST)";
				CODE_SIGN_STYLE = Automatic;
				CURRENT_PROJECT_VERSION = 1;
				GENERATE_INFOPLIST_FILE = YES;
				IPHONEOS_DEPLOYMENT_TARGET = 17.0;
				LD_RUNPATH_SEARCH_PATHS = (
					"$(inherited)",
					"@executable_path/Frameworks",
					"@loader_path/Frameworks",
				);
				PRODUCT_BUNDLE_IDENTIFIER = "com.shayma.within.tests";
				PRODUCT_NAME = "$(TARGET_NAME)";
				SWIFT_EMIT_LOC_STRINGS = NO;
				SWIFT_VERSION = 5.0;
				TARGETED_DEVICE_FAMILY = "1,2";
				TEST_HOST = "$(BUILT_PRODUCTS_DIR)/EscapeRoom.app/$(BUNDLE_EXECUTABLE_FOLDER_PATH)/EscapeRoom";
			};
			name = Debug;
		};
		776DEAABC4C716AA5DDCED96 /* Release */ = {
			isa = XCBuildConfiguration;
			buildSettings = {
				BUNDLE_LOADER = "$(TEST_HOST)";
				CODE_SIGN_STYLE = Automatic;
				CURRENT_PROJECT_VERSION = 1;
				GENERATE_INFOPLIST_FILE = YES;
				IPHONEOS_DEPLOYMENT_TARGET = 17.0;
				LD_RUNPATH_SEARCH_PATHS = (
					"$(inherited)",
					"@executable_path/Frameworks",
					"@loader_path/Frameworks",
				);
				PRODUCT_BUNDLE_IDENTIFIER = "com.shayma.within.tests";
				PRODUCT_NAME = "$(TARGET_NAME)";
				SWIFT_EMIT_LOC_STRINGS = NO;
				SWIFT_VERSION = 5.0;
				TARGETED_DEVICE_FAMILY = "1,2";
				TEST_HOST = "$(BUILT_PRODUCTS_DIR)/EscapeRoom.app/$(BUNDLE_EXECUTABLE_FOLDER_PATH)/EscapeRoom";
			};
			name = Release;
		};
		AA30000000000000000000DB /* Debug */ = {
			isa = XCBuildConfiguration;
			buildSettings = {
				CODE_SIGN_STYLE = Automatic;
				CURRENT_PROJECT_VERSION = 1;
				GENERATE_INFOPLIST_FILE = YES;
				IPHONEOS_DEPLOYMENT_TARGET = 17.0;
				LD_RUNPATH_SEARCH_PATHS = (
					"$(inherited)",
					"@executable_path/Frameworks",
					"@loader_path/Frameworks",
				);
				PRODUCT_BUNDLE_IDENTIFIER = "com.shayma.within.uitests";
				PRODUCT_NAME = "$(TARGET_NAME)";
				SWIFT_EMIT_LOC_STRINGS = NO;
				SWIFT_VERSION = 5.0;
				TARGETED_DEVICE_FAMILY = "1,2";
				TEST_TARGET_NAME = EscapeRoom;
			};
			name = Debug;
		};
		AA30000000000000000000DC /* Release */ = {
			isa = XCBuildConfiguration;
			buildSettings = {
				CODE_SIGN_STYLE = Automatic;
				CURRENT_PROJECT_VERSION = 1;
				GENERATE_INFOPLIST_FILE = YES;
				IPHONEOS_DEPLOYMENT_TARGET = 17.0;
				LD_RUNPATH_SEARCH_PATHS = (
					"$(inherited)",
					"@executable_path/Frameworks",
					"@loader_path/Frameworks",
				);
				PRODUCT_BUNDLE_IDENTIFIER = "com.shayma.within.uitests";
				PRODUCT_NAME = "$(TARGET_NAME)";
				SWIFT_EMIT_LOC_STRINGS = NO;
				SWIFT_VERSION = 5.0;
				TARGETED_DEVICE_FAMILY = "1,2";
				TEST_TARGET_NAME = EscapeRoom;
			};
			name = Release;
		};
/* End XCBuildConfiguration section */

/* Begin XCConfigurationList section */
		79C12CAF53C7AC70E3756E7D /* Build configuration list for PBXProject "EscapeRoom" */ = {
			isa = XCConfigurationList;
			buildConfigurations = (
				A1A6E3DAC22B532BE7E3E8D3 /* Debug */,
				F903A473B305BAF125B457E5 /* Release */,
			);
			defaultConfigurationIsVisible = 0;
			defaultConfigurationName = Release;
		};
		1058BC7E0C7E824287834DC3 /* Build configuration list for PBXNativeTarget "EscapeRoom" */ = {
			isa = XCConfigurationList;
			buildConfigurations = (
				89CE6F3ACD87D8EFAB5B1DB9 /* Debug */,
				4C05148D1CA0158CAAD43DEF /* Release */,
			);
			defaultConfigurationIsVisible = 0;
			defaultConfigurationName = Release;
		};
		6CE83AEA715C768670ED436A /* Build configuration list for PBXNativeTarget "EscapeRoomTests" */ = {
			isa = XCConfigurationList;
			buildConfigurations = (
				0950F148A0A59D4749DB2BC6 /* Debug */,
				776DEAABC4C716AA5DDCED96 /* Release */,
			);
			defaultConfigurationIsVisible = 0;
			defaultConfigurationName = Release;
		};
		AA30000000000000000000DA /* Build configuration list for PBXNativeTarget "EscapeRoomUITests" */ = {
			isa = XCConfigurationList;
			buildConfigurations = (
				AA30000000000000000000DB /* Debug */,
				AA30000000000000000000DC /* Release */,
			);
			defaultConfigurationIsVisible = 0;
			defaultConfigurationName = Release;
		};
/* End XCConfigurationList section */
	};
	rootObject = 23710D78932D26350BC785AC /* Project object */;
}
